
Microsoft Visual Studio Solution File, Format Version 12.00
# Visual Studio Version 17
VisualStudioVersion = 17.7.34202.233
MinimumVisualStudioVersion = 10.0.40219.1
Project("{FAE04EC0-301F-11D3-BF4B-00C04F79EFBC}") = "PaymentApi", "PaymentApiTest\PaymentApi.csproj", "{A2197534-AED7-484D-BEB8-390D1427E45A}"
EndProject
Global
	GlobalSection(SolutionConfigurationPlatforms) = preSolution
		Debug|Any CPU = Debug|Any CPU
		Release|Any CPU = Release|Any CPU
	EndGlobalSection
	GlobalSection(ProjectConfigurationPlatforms) = postSolution
		{A2197534-AED7-484D-BEB8-390D1427E45A}.Debug|Any CPU.ActiveCfg = Debug|Any CPU
		{A2197534-AED7-484D-BEB8-390D1427E45A}.Debug|Any CPU.Build.0 = Debug|Any CPU
		{A2197534-AED7-484D-BEB8-390D1427E45A}.Release|Any CPU.ActiveCfg = Release|Any CPU
		{A2197534-AED7-484D-BEB8-390D1427E45A}.Release|Any CPU.Build.0 = Release|Any CPU
	EndGlobalSection
	GlobalSection(SolutionProperties) = preSolution
		HideSolutionNode = FALSE
	EndGlobalSection
	GlobalSection(ExtensibilityGlobals) = postSolution
		SolutionGuid = {C6CEEA71-0806-42B8-9FA7-2657B7191FED}
	EndGlobalSection
EndGlobal
